<?xml version="1.0" encoding="UTF-8"?>
<Scheme
   version = "1.3">
   <BuildAction>
      <BuildActionEntries>
         <BuildActionEntry
            buildForRunning = "YES">
            <BuildableReference
               BuildableIdentifier = "primary"
               BlueprintIdentifier = "62DD254071AB6CF51D8EEA4A"
               BuildableName = "MSSlideControllerDemo.app"
               BlueprintName = "MSSlideControllerDemo"
               ReferencedContainer = "container:MSSlideControllerDemo.xcodeproj">
            </BuildableReference>
         </BuildActionEntry>
      </BuildActionEntries>
   </BuildAction>
   <LaunchAction
      useCustomWorkingDirectory = "NO"
      buildConfiguration = "Debug">
      <BuildableProductRunnable>
         <BuildableReference
            BuildableIdentifier = "primary"
            BlueprintIdentifier = "62DD254071AB6CF51D8EEA4A"
            BuildableName = "MSSlideControllerDemo.app"
            BlueprintName = "MSSlideControllerDemo"
            ReferencedContainer = "container:MSSlideControllerDemo.xcodeproj">
         </BuildableReference>
      </BuildableProductRunnable>
   </LaunchAction>
</Scheme>
